
Microsoft Visual Studio Solution File, Format Version 12.00
# Visual Studio Version 17
VisualStudioVersion = 17.11.35208.52
MinimumVisualStudioVersion = 10.0.40219.1
Project("{FAE04EC0-301F-11D3-BF4B-00C04F79EFBC}") = "Task2", "Task2.csproj", "{2565713D-B88F-4A67-B266-BD4267B9C331}"
EndProject
Global
	GlobalSection(SolutionConfigurationPlatforms) = preSolution
		Debug|Any CPU = Debug|Any CPU
		Release|Any CPU = Release|Any CPU
	EndGlobalSection
	GlobalSection(ProjectConfigurationPlatforms) = postSolution
		{2565713D-B88F-4A67-B266-BD4267B9C331}.Debug|Any CPU.ActiveCfg = Debug|Any CPU
		{2565713D-B88F-4A67-B266-BD4267B9C331}.Debug|Any CPU.Build.0 = Debug|Any CPU
		{2565713D-B88F-4A67-B266-BD4267B9C331}.Release|Any CPU.ActiveCfg = Release|Any CPU
		{2565713D-B88F-4A67-B266-BD4267B9C331}.Release|Any CPU.Build.0 = Release|Any CPU
	EndGlobalSection
	GlobalSection(SolutionProperties) = preSolution
		HideSolutionNode = FALSE
	EndGlobalSection
	GlobalSection(ExtensibilityGlobals) = postSolution
		SolutionGuid = {76872397-D7B5-4164-B90D-327D6ABEEBE0}
	EndGlobalSection
EndGlobal
